PODS:
  - Backendless (3.0.32)
  - SDWebImage (3.8.1):
    - SDWebImage/Core (= 3.8.1)
  - SDWebImage/Core (3.8.1)

DEPENDENCIES:
  - Backendless
  - SDWebImage

SPEC CHECKSUMS:
  Backendless: 48a96ea7f825b8b2a2832bcd4f5a52f41d7924a8
  SDWebImage: 35f9627a3e44b4f292a8a8ce6a531fa488239b91

PODFILE CHECKSUM: b9336f5003ddce964bb640324d639a954c7599e4

COCOAPODS: 1.0.1
