PODS:
  - Backendless (3.0.32)
  - Realm (1.0.2):
    - Realm/Headers (= 1.0.2)
  - Realm/Headers (1.0.2)
  - SDWebImage (3.8.1):
    - SDWebImage/Core (= 3.8.1)
  - SDWebImage/Core (3.8.1)

DEPENDENCIES:
  - Backendless
  - Realm
  - SDWebImage

SPEC CHECKSUMS:
  Backendless: 48a96ea7f825b8b2a2832bcd4f5a52f41d7924a8
  Realm: 9d5c46a4d7d27958530a8dfc58f63a99e5c2cba3
  SDWebImage: 35f9627a3e44b4f292a8a8ce6a531fa488239b91

PODFILE CHECKSUM: 5c99881faf8eca6606a69d1aaf1a484cd26d038c

COCOAPODS: 1.0.1
